
Microsoft Visual Studio Solution File, Format Version 12.00
# Visual Studio Version 16
VisualStudioVersion = 16.0.32002.261
MinimumVisualStudioVersion = 10.0.40219.1
Project("{FAE04EC0-301F-11D3-BF4B-00C04F79EFBC}") = "LINQsql_1", "LINQsql_1.csproj", "{D21BD758-2B25-4638-BBEE-439C4E903A7B}"
EndProject
Global
	GlobalSection(SolutionConfigurationPlatforms) = preSolution
		Debug|Any CPU = Debug|Any CPU
		Release|Any CPU = Release|Any CPU
	EndGlobalSection
	GlobalSection(ProjectConfigurationPlatforms) = postSolution
		{D21BD758-2B25-4638-BBEE-439C4E903A7B}.Debug|Any CPU.ActiveCfg = Debug|Any CPU
		{D21BD758-2B25-4638-BBEE-439C4E903A7B}.Debug|Any CPU.Build.0 = Debug|Any CPU
		{D21BD758-2B25-4638-BBEE-439C4E903A7B}.Release|Any CPU.ActiveCfg = Release|Any CPU
		{D21BD758-2B25-4638-BBEE-439C4E903A7B}.Release|Any CPU.Build.0 = Release|Any CPU
	EndGlobalSection
	GlobalSection(SolutionProperties) = preSolution
		HideSolutionNode = FALSE
	EndGlobalSection
	GlobalSection(ExtensibilityGlobals) = postSolution
		SolutionGuid = {2A219A2C-E061-4B8D-9956-3DA250982430}
	EndGlobalSection
EndGlobal
