
Microsoft Visual Studio Solution File, Format Version 12.00
# Visual Studio Version 16
VisualStudioVersion = 16.0.32002.261
MinimumVisualStudioVersion = 10.0.40219.1
Project("{FAE04EC0-301F-11D3-BF4B-00C04F79EFBC}") = "AppApressFinancial", "AppApressFinancial.csproj", "{1C85D47D-35F6-4223-9FB8-A04B2DA96717}"
EndProject
Global
	GlobalSection(SolutionConfigurationPlatforms) = preSolution
		Debug|Any CPU = Debug|Any CPU
		Release|Any CPU = Release|Any CPU
	EndGlobalSection
	GlobalSection(ProjectConfigurationPlatforms) = postSolution
		{1C85D47D-35F6-4223-9FB8-A04B2DA96717}.Debug|Any CPU.ActiveCfg = Debug|Any CPU
		{1C85D47D-35F6-4223-9FB8-A04B2DA96717}.Debug|Any CPU.Build.0 = Debug|Any CPU
		{1C85D47D-35F6-4223-9FB8-A04B2DA96717}.Release|Any CPU.ActiveCfg = Release|Any CPU
		{1C85D47D-35F6-4223-9FB8-A04B2DA96717}.Release|Any CPU.Build.0 = Release|Any CPU
	EndGlobalSection
	GlobalSection(SolutionProperties) = preSolution
		HideSolutionNode = FALSE
	EndGlobalSection
	GlobalSection(ExtensibilityGlobals) = postSolution
		SolutionGuid = {28C12802-C33B-4659-A05D-F6492EA58B6F}
	EndGlobalSection
EndGlobal
